
Microsoft Visual Studio Solution File, Format Version 12.00
# Visual Studio Version 17
VisualStudioVersion = 17.1.32228.430
MinimumVisualStudioVersion = 10.0.40219.1
Project("{FAE04EC0-301F-11D3-BF4B-00C04F79EFBC}") = "WebApplication2", "WebApplication2\WebApplication2.csproj", "{539EE13A-A825-45C0-BC1B-A21451218D43}"
EndProject
Global
	GlobalSection(SolutionConfigurationPlatforms) = preSolution
		Debug|Any CPU = Debug|Any CPU
		Release|Any CPU = Release|Any CPU
	EndGlobalSection
	GlobalSection(ProjectConfigurationPlatforms) = postSolution
		{539EE13A-A825-45C0-BC1B-A21451218D43}.Debug|Any CPU.ActiveCfg = Debug|Any CPU
		{539EE13A-A825-45C0-BC1B-A21451218D43}.Debug|Any CPU.Build.0 = Debug|Any CPU
		{539EE13A-A825-45C0-BC1B-A21451218D43}.Release|Any CPU.ActiveCfg = Release|Any CPU
		{539EE13A-A825-45C0-BC1B-A21451218D43}.Release|Any CPU.Build.0 = Release|Any CPU
	EndGlobalSection
	GlobalSection(SolutionProperties) = preSolution
		HideSolutionNode = FALSE
	EndGlobalSection
	GlobalSection(ExtensibilityGlobals) = postSolution
		SolutionGuid = {784046CE-EABE-4F50-9BD6-A81D9F884928}
	EndGlobalSection
EndGlobal
